
Microsoft Visual Studio Solution File, Format Version 12.00
# Visual Studio Version 17
VisualStudioVersion = 17.6.33815.320
MinimumVisualStudioVersion = 10.0.40219.1
Project("{FAE04EC0-301F-11D3-BF4B-00C04F79EFBC}") = "ProductApi", "ProductApi\ProductApi.csproj", "{A56D176C-F956-44A2-8890-B8E00C9B9B15}"
EndProject
Global
	GlobalSection(SolutionConfigurationPlatforms) = preSolution
		Debug|Any CPU = Debug|Any CPU
		Release|Any CPU = Release|Any CPU
	EndGlobalSection
	GlobalSection(ProjectConfigurationPlatforms) = postSolution
		{A56D176C-F956-44A2-8890-B8E00C9B9B15}.Debug|Any CPU.ActiveCfg = Debug|Any CPU
		{A56D176C-F956-44A2-8890-B8E00C9B9B15}.Debug|Any CPU.Build.0 = Debug|Any CPU
		{A56D176C-F956-44A2-8890-B8E00C9B9B15}.Release|Any CPU.ActiveCfg = Release|Any CPU
		{A56D176C-F956-44A2-8890-B8E00C9B9B15}.Release|Any CPU.Build.0 = Release|Any CPU
	EndGlobalSection
	GlobalSection(SolutionProperties) = preSolution
		HideSolutionNode = FALSE
	EndGlobalSection
	GlobalSection(ExtensibilityGlobals) = postSolution
		SolutionGuid = {3D5B7136-25E7-4CB4-B91C-98E017AE578E}
	EndGlobalSection
EndGlobal
